
Microsoft Visual Studio Solution File, Format Version 12.00
# Visual Studio Version 17
VisualStudioVersion = 17.12.35506.116
MinimumVisualStudioVersion = 10.0.40219.1
Project("{151D2E53-A2C4-4D7D-83FE-D05416EBD58E}") = "Cire-Devoir2", "Cire-Devoir2\Cire-Devoir2.deployproj", "{DB06278B-DDF3-44F6-8408-93280A3DF8B8}"
EndProject
Project("{2150E333-8FDC-42A3-9474-1A3956D46DE8}") = "AzureFunction", "AzureFunction", "{8EE4C1A2-0D34-4E92-92A0-9181D13E25DA}"
EndProject
Project("{FAE04EC0-301F-11D3-BF4B-00C04F79EFBC}") = "BlobTrigger", "BlobTrigger\BlobTrigger.csproj", "{806A2C0F-B1CE-452F-873E-A8856428697E}"
EndProject
Project("{2150E333-8FDC-42A3-9474-1A3956D46DE8}") = "BusFunction", "BusFunction", "{0BC8C933-A652-425F-B4D2-28B3044EFACB}"
EndProject
Project("{FAE04EC0-301F-11D3-BF4B-00C04F79EFBC}") = "QueueServiceBus", "QueueServiceBus\QueueServiceBus.csproj", "{8E2D603B-6D4D-49D5-BA32-4DA4A8B0F434}"
EndProject
Project("{2150E333-8FDC-42A3-9474-1A3956D46DE8}") = "ServiceBus", "ServiceBus", "{177D09E2-DA9F-438A-9A4B-7AEE5A0482C9}"
EndProject
Project("{FAE04EC0-301F-11D3-BF4B-00C04F79EFBC}") = "AzureSB", "AzureSB\AzureSB.csproj", "{B0E511F3-4622-4602-A788-55D914159A9D}"
EndProject
Global
	GlobalSection(SolutionConfigurationPlatforms) = preSolution
		Debug|Any CPU = Debug|Any CPU
		Release|Any CPU = Release|Any CPU
	EndGlobalSection
	GlobalSection(ProjectConfigurationPlatforms) = postSolution
		{DB06278B-DDF3-44F6-8408-93280A3DF8B8}.Debug|Any CPU.ActiveCfg = Debug|Any CPU
		{DB06278B-DDF3-44F6-8408-93280A3DF8B8}.Debug|Any CPU.Build.0 = Debug|Any CPU
		{DB06278B-DDF3-44F6-8408-93280A3DF8B8}.Release|Any CPU.ActiveCfg = Release|Any CPU
		{DB06278B-DDF3-44F6-8408-93280A3DF8B8}.Release|Any CPU.Build.0 = Release|Any CPU
		{806A2C0F-B1CE-452F-873E-A8856428697E}.Debug|Any CPU.ActiveCfg = Debug|Any CPU
		{806A2C0F-B1CE-452F-873E-A8856428697E}.Debug|Any CPU.Build.0 = Debug|Any CPU
		{806A2C0F-B1CE-452F-873E-A8856428697E}.Release|Any CPU.ActiveCfg = Release|Any CPU
		{806A2C0F-B1CE-452F-873E-A8856428697E}.Release|Any CPU.Build.0 = Release|Any CPU
		{8E2D603B-6D4D-49D5-BA32-4DA4A8B0F434}.Debug|Any CPU.ActiveCfg = Debug|Any CPU
		{8E2D603B-6D4D-49D5-BA32-4DA4A8B0F434}.Debug|Any CPU.Build.0 = Debug|Any CPU
		{8E2D603B-6D4D-49D5-BA32-4DA4A8B0F434}.Release|Any CPU.ActiveCfg = Release|Any CPU
		{8E2D603B-6D4D-49D5-BA32-4DA4A8B0F434}.Release|Any CPU.Build.0 = Release|Any CPU
		{B0E511F3-4622-4602-A788-55D914159A9D}.Debug|Any CPU.ActiveCfg = Debug|Any CPU
		{B0E511F3-4622-4602-A788-55D914159A9D}.Debug|Any CPU.Build.0 = Debug|Any CPU
		{B0E511F3-4622-4602-A788-55D914159A9D}.Release|Any CPU.ActiveCfg = Release|Any CPU
		{B0E511F3-4622-4602-A788-55D914159A9D}.Release|Any CPU.Build.0 = Release|Any CPU
	EndGlobalSection
	GlobalSection(SolutionProperties) = preSolution
		HideSolutionNode = FALSE
	EndGlobalSection
	GlobalSection(NestedProjects) = preSolution
		{806A2C0F-B1CE-452F-873E-A8856428697E} = {8EE4C1A2-0D34-4E92-92A0-9181D13E25DA}
		{0BC8C933-A652-425F-B4D2-28B3044EFACB} = {8EE4C1A2-0D34-4E92-92A0-9181D13E25DA}
		{8E2D603B-6D4D-49D5-BA32-4DA4A8B0F434} = {0BC8C933-A652-425F-B4D2-28B3044EFACB}
		{177D09E2-DA9F-438A-9A4B-7AEE5A0482C9} = {8EE4C1A2-0D34-4E92-92A0-9181D13E25DA}
		{B0E511F3-4622-4602-A788-55D914159A9D} = {177D09E2-DA9F-438A-9A4B-7AEE5A0482C9}
	EndGlobalSection
EndGlobal
